
Microsoft Visual Studio Solution File, Format Version 12.00
# Visual Studio Version 17
VisualStudioVersion = 17.8.34330.188
MinimumVisualStudioVersion = 10.0.40219.1
Project("{FAE04EC0-301F-11D3-BF4B-00C04F79EFBC}") = "App1", "App1.csproj", "{7B5DA533-6DA0-4528-9F87-E6B061601E14}"
EndProject
Global
	GlobalSection(SolutionConfigurationPlatforms) = preSolution
		Debug|Any CPU = Debug|Any CPU
		Release|Any CPU = Release|Any CPU
	EndGlobalSection
	GlobalSection(ProjectConfigurationPlatforms) = postSolution
		{7B5DA533-6DA0-4528-9F87-E6B061601E14}.Debug|Any CPU.ActiveCfg = Debug|Any CPU
		{7B5DA533-6DA0-4528-9F87-E6B061601E14}.Debug|Any CPU.Build.0 = Debug|Any CPU
		{7B5DA533-6DA0-4528-9F87-E6B061601E14}.Release|Any CPU.ActiveCfg = Release|Any CPU
		{7B5DA533-6DA0-4528-9F87-E6B061601E14}.Release|Any CPU.Build.0 = Release|Any CPU
	EndGlobalSection
	GlobalSection(SolutionProperties) = preSolution
		HideSolutionNode = FALSE
	EndGlobalSection
	GlobalSection(ExtensibilityGlobals) = postSolution
		SolutionGuid = {8D751348-FDA5-4018-AC16-69684A4941B9}
	EndGlobalSection
EndGlobal
